// !$*UTF8*$!
{
	archiveVersion = 1;
	classes = {
	};
	objectVersion = 46;
	objects = {

/* Begin PBXBuildFile section */
		19CA47237BE7F6D370446D7B /* Pods_PhotoBrowser.framework in Frameworks */ = {isa = PBXBuildFile; fileRef = 93D558090909BBB81D549A94 /* Pods_PhotoBrowser.framework */; };
		8B539DC81F08EF4F00D3B1A1 /* AppDelegate.swift in Sources */ = {isa = PBXBuildFile; fileRef = 8B539DC71F08EF4F00D3B1A1 /* AppDelegate.swift */; };
		8B539DCA1F08EF4F00D3B1A1 /* ViewController.swift in Sources */ = {isa = PBXBuildFile; fileRef = 8B539DC91F08EF4F00D3B1A1 /* ViewController.swift */; };
		8B539DCD1F08EF4F00D3B1A1 /* Main.storyboard in Resources */ = {isa = PBXBuildFile; fileRef = 8B539DCB1F08EF4F00D3B1A1 /* Main.storyboard */; };
		8B539DCF1F08EF4F00D3B1A1 /* Assets.xcassets in Resources */ = {isa = PBXBuildFile; fileRef = 8B539DCE1F08EF4F00D3B1A1 /* Assets.xcassets */; };
		8B539DD21F08EF4F00D3B1A1 /* LaunchScreen.storyboard in Resources */ = {isa = PBXBuildFile; fileRef = 8B539DD01F08EF4F00D3B1A1 /* LaunchScreen.storyboard */; };
		8BBC86B91F3B2832006E99D9 /* CollectionViewController.swift in Sources */ = {isa = PBXBuildFile; fileRef = 8BBC86B81F3B2832006E99D9 /* CollectionViewController.swift */; };
		973CDFF51352F42F634B5E0E /* Pods_All_PhotoBrowser_PhotoBrowser.framework in Frameworks */ = {isa = PBXBuildFile; fileRef = FED6716E1714137944BBFCF2 /* Pods_All_PhotoBrowser_PhotoBrowser.framework */; };
		A2D5D241367C03FD3FE58D11 /* Pods_All_PhotoBrowse_PhotoBrowse.framework in Frameworks */ = {isa = PBXBuildFile; fileRef = 56F8CAB9D9EB1E73F534FF10 /* Pods_All_PhotoBrowse_PhotoBrowse.framework */; };
/* End PBXBuildFile section */

/* Begin PBXCopyFilesBuildPhase section */
		8B9CDE4C1F42D97900565812 /* Embed Frameworks */ = {
			isa = PBXCopyFilesBuildPhase;
			buildActionMask = 2147483647;
			dstPath = "";
			dstSubfolderSpec = 10;
			files = (
			);
			name = "Embed Frameworks";
			runOnlyForDeploymentPostprocessing = 0;
		};
/* End PBXCopyFilesBuildPhase section */

/* Begin PBXFileReference section */
		18B3F5CF567DEEA3138E652A /* Pods-PhotoBrowser.debug.xcconfig */ = {isa = PBXFileReference; includeInIndex = 1; lastKnownFileType = text.xcconfig; name = "Pods-PhotoBrowser.debug.xcconfig"; path = "Pods/Target Support Files/Pods-PhotoBrowser/Pods-PhotoBrowser.debug.xcconfig"; sourceTree = "<group>"; };
		38DD3400835FF885BB53FDF8 /* Pods-All PhotoBrowser-PhotoBrowser.debug.xcconfig */ = {isa = PBXFileReference; includeInIndex = 1; lastKnownFileType = text.xcconfig; name = "Pods-All PhotoBrowser-PhotoBrowser.debug.xcconfig"; path = "Pods/Target Support Files/Pods-All PhotoBrowser-PhotoBrowser/Pods-All PhotoBrowser-PhotoBrowser.debug.xcconfig"; sourceTree = "<group>"; };
		541355C86248D6FC036304C5 /* Pods-EzPhotoBrowse.release.xcconfig */ = {isa = PBXFileReference; includeInIndex = 1; lastKnownFileType = text.xcconfig; name = "Pods-EzPhotoBrowse.release.xcconfig"; path = "Pods/Target Support Files/Pods-EzPhotoBrowse/Pods-EzPhotoBrowse.release.xcconfig"; sourceTree = "<group>"; };
		56F8CAB9D9EB1E73F534FF10 /* Pods_All_PhotoBrowse_PhotoBrowse.framework */ = {isa = PBXFileReference; explicitFileType = wrapper.framework; includeInIndex = 0; path = Pods_All_PhotoBrowse_PhotoBrowse.framework; sourceTree = BUILT_PRODUCTS_DIR; };
		60B4ECB9942A46259E5B42C4 /* Pods-All PhotoBrowser-PhotoBrowser.release.xcconfig */ = {isa = PBXFileReference; includeInIndex = 1; lastKnownFileType = text.xcconfig; name = "Pods-All PhotoBrowser-PhotoBrowser.release.xcconfig"; path = "Pods/Target Support Files/Pods-All PhotoBrowser-PhotoBrowser/Pods-All PhotoBrowser-PhotoBrowser.release.xcconfig"; sourceTree = "<group>"; };
		8B539DC41F08EF4F00D3B1A1 /* PhotoBrowser.app */ = {isa = PBXFileReference; explicitFileType = wrapper.application; includeInIndex = 0; path = PhotoBrowser.app; sourceTree = BUILT_PRODUCTS_DIR; };
		8B539DC71F08EF4F00D3B1A1 /* AppDelegate.swift */ = {isa = PBXFileReference; lastKnownFileType = sourcecode.swift; path = AppDelegate.swift; sourceTree = "<group>"; };
		8B539DC91F08EF4F00D3B1A1 /* ViewController.swift */ = {isa = PBXFileReference; lastKnownFileType = sourcecode.swift; path = ViewController.swift; sourceTree = "<group>"; };
		8B539DCC1F08EF4F00D3B1A1 /* Base */ = {isa = PBXFileReference; lastKnownFileType = file.storyboard; name = Base; path = Base.lproj/Main.storyboard; sourceTree = "<group>"; };
		8B539DCE1F08EF4F00D3B1A1 /* Assets.xcassets */ = {isa = PBXFileReference; lastKnownFileType = folder.assetcatalog; path = Assets.xcassets; sourceTree = "<group>"; };
		8B539DD11F08EF4F00D3B1A1 /* Base */ = {isa = PBXFileReference; lastKnownFileType = file.storyboard; name = Base; path = Base.lproj/LaunchScreen.storyboard; sourceTree = "<group>"; };
		8B539DD31F08EF4F00D3B1A1 /* Info.plist */ = {isa = PBXFileReference; lastKnownFileType = text.plist.xml; path = Info.plist; sourceTree = "<group>"; };
		8BBC86B81F3B2832006E99D9 /* CollectionViewController.swift */ = {isa = PBXFileReference; lastKnownFileType = sourcecode.swift; path = CollectionViewController.swift; sourceTree = "<group>"; };
		8BEBB7731F45852900A4E309 /* LICENSE */ = {isa = PBXFileReference; lastKnownFileType = text; path = LICENSE; sourceTree = "<group>"; };
		8BEBB7741F45852900A4E309 /* README.md */ = {isa = PBXFileReference; lastKnownFileType = net.daringfireball.markdown; path = README.md; sourceTree = "<group>"; };
		8BEBB7751F45852900A4E309 /* Untitled.gif */ = {isa = PBXFileReference; lastKnownFileType = image.gif; path = Untitled.gif; sourceTree = "<group>"; };
		8BEBB7761F458AE400A4E309 /* EzPhotoBrowser.podspec */ = {isa = PBXFileReference; lastKnownFileType = text; path = EzPhotoBrowser.podspec; sourceTree = "<group>"; };
		8DB23D763F9D3FEB3FD71F8D /* Pods-All PhotoBrowse-PhotoBrowse.release.xcconfig */ = {isa = PBXFileReference; includeInIndex = 1; lastKnownFileType = text.xcconfig; name = "Pods-All PhotoBrowse-PhotoBrowse.release.xcconfig"; path = "Pods/Target Support Files/Pods-All PhotoBrowse-PhotoBrowse/Pods-All PhotoBrowse-PhotoBrowse.release.xcconfig"; sourceTree = "<group>"; };
		93D558090909BBB81D549A94 /* Pods_PhotoBrowser.framework */ = {isa = PBXFileReference; explicitFileType = wrapper.framework; includeInIndex = 0; path = Pods_PhotoBrowser.framework; sourceTree = BUILT_PRODUCTS_DIR; };
		B6076A111AB4838C1511DA33 /* Pods_EzPhotoBrowse.framework */ = {isa = PBXFileReference; explicitFileType = wrapper.framework; includeInIndex = 0; path = Pods_EzPhotoBrowse.framework; sourceTree = BUILT_PRODUCTS_DIR; };
		E888B96B8115FA618CD3457A /* Pods-PhotoBrowser.release.xcconfig */ = {isa = PBXFileReference; includeInIndex = 1; lastKnownFileType = text.xcconfig; name = "Pods-PhotoBrowser.release.xcconfig"; path = "Pods/Target Support Files/Pods-PhotoBrowser/Pods-PhotoBrowser.release.xcconfig"; sourceTree = "<group>"; };
		F024320D05A846BF8E76C986 /* Pods-All PhotoBrowse-PhotoBrowse.debug.xcconfig */ = {isa = PBXFileReference; includeInIndex = 1; lastKnownFileType = text.xcconfig; name = "Pods-All PhotoBrowse-PhotoBrowse.debug.xcconfig"; path = "Pods/Target Support Files/Pods-All PhotoBrowse-PhotoBrowse/Pods-All PhotoBrowse-PhotoBrowse.debug.xcconfig"; sourceTree = "<group>"; };
		F794902C1FAFE93AC9416B2F /* Pods-EzPhotoBrowse.debug.xcconfig */ = {isa = PBXFileReference; includeInIndex = 1; lastKnownFileType = text.xcconfig; name = "Pods-EzPhotoBrowse.debug.xcconfig"; path = "Pods/Target Support Files/Pods-EzPhotoBrowse/Pods-EzPhotoBrowse.debug.xcconfig"; sourceTree = "<group>"; };
		FED6716E1714137944BBFCF2 /* Pods_All_PhotoBrowser_PhotoBrowser.framework */ = {isa = PBXFileReference; explicitFileType = wrapper.framework; includeInIndex = 0; path = Pods_All_PhotoBrowser_PhotoBrowser.framework; sourceTree = BUILT_PRODUCTS_DIR; };
/* End PBXFileReference section */

/* Begin PBXFrameworksBuildPhase section */
		8B539DC11F08EF4F00D3B1A1 /* Frameworks */ = {
			isa = PBXFrameworksBuildPhase;
			buildActionMask = 2147483647;
			files = (
				A2D5D241367C03FD3FE58D11 /* Pods_All_PhotoBrowse_PhotoBrowse.framework in Frameworks */,
				973CDFF51352F42F634B5E0E /* Pods_All_PhotoBrowser_PhotoBrowser.framework in Frameworks */,
				19CA47237BE7F6D370446D7B /* Pods_PhotoBrowser.framework in Frameworks */,
			);
			runOnlyForDeploymentPostprocessing = 0;
		};
/* End PBXFrameworksBuildPhase section */

/* Begin PBXGroup section */
		3CB4BE88B0CDDB5DCCCA1B88 /* Pods */ = {
			isa = PBXGroup;
			children = (
				F024320D05A846BF8E76C986 /* Pods-All PhotoBrowse-PhotoBrowse.debug.xcconfig */,
				8DB23D763F9D3FEB3FD71F8D /* Pods-All PhotoBrowse-PhotoBrowse.release.xcconfig */,
				F794902C1FAFE93AC9416B2F /* Pods-EzPhotoBrowse.debug.xcconfig */,
				541355C86248D6FC036304C5 /* Pods-EzPhotoBrowse.release.xcconfig */,
				38DD3400835FF885BB53FDF8 /* Pods-All PhotoBrowser-PhotoBrowser.debug.xcconfig */,
				60B4ECB9942A46259E5B42C4 /* Pods-All PhotoBrowser-PhotoBrowser.release.xcconfig */,
				18B3F5CF567DEEA3138E652A /* Pods-PhotoBrowser.debug.xcconfig */,
				E888B96B8115FA618CD3457A /* Pods-PhotoBrowser.release.xcconfig */,
			);
			name = Pods;
			sourceTree = "<group>";
		};
		8B539DBB1F08EF4F00D3B1A1 = {
			isa = PBXGroup;
			children = (
				8BEBB7761F458AE400A4E309 /* EzPhotoBrowser.podspec */,
				8BEBB7731F45852900A4E309 /* LICENSE */,
				8BEBB7741F45852900A4E309 /* README.md */,
				8BEBB7751F45852900A4E309 /* Untitled.gif */,
				8B539DC61F08EF4F00D3B1A1 /* PhotoBrowser */,
				8B539DC51F08EF4F00D3B1A1 /* Products */,
				3CB4BE88B0CDDB5DCCCA1B88 /* Pods */,
				A624C357B3F0C9D349F97EF1 /* Frameworks */,
			);
			sourceTree = "<group>";
		};
		8B539DC51F08EF4F00D3B1A1 /* Products */ = {
			isa = PBXGroup;
			children = (
				8B539DC41F08EF4F00D3B1A1 /* PhotoBrowser.app */,
			);
			name = Products;
			sourceTree = "<group>";
		};
		8B539DC61F08EF4F00D3B1A1 /* PhotoBrowser */ = {
			isa = PBXGroup;
			children = (
				8B539DC71F08EF4F00D3B1A1 /* AppDelegate.swift */,
				8B539DC91F08EF4F00D3B1A1 /* ViewController.swift */,
				8BBC86B81F3B2832006E99D9 /* CollectionViewController.swift */,
				8B539DCB1F08EF4F00D3B1A1 /* Main.storyboard */,
				8B539DCE1F08EF4F00D3B1A1 /* Assets.xcassets */,
				8B539DD01F08EF4F00D3B1A1 /* LaunchScreen.storyboard */,
				8B539DD31F08EF4F00D3B1A1 /* Info.plist */,
			);
			path = PhotoBrowser;
			sourceTree = "<group>";
		};
		A624C357B3F0C9D349F97EF1 /* Frameworks */ = {
			isa = PBXGroup;
			children = (
				56F8CAB9D9EB1E73F534FF10 /* Pods_All_PhotoBrowse_PhotoBrowse.framework */,
				B6076A111AB4838C1511DA33 /* Pods_EzPhotoBrowse.framework */,
				FED6716E1714137944BBFCF2 /* Pods_All_PhotoBrowser_PhotoBrowser.framework */,
				93D558090909BBB81D549A94 /* Pods_PhotoBrowser.framework */,
			);
			name = Frameworks;
			sourceTree = "<group>";
		};
/* End PBXGroup section */

/* Begin PBXNativeTarget section */
		8B539DC31F08EF4F00D3B1A1 /* PhotoBrowser */ = {
			isa = PBXNativeTarget;
			buildConfigurationList = 8B539DD61F08EF4F00D3B1A1 /* Build configuration list for PBXNativeTarget "PhotoBrowser" */;
			buildPhases = (
				9E50950C082E57D02C4630F0 /* [CP] Check Pods Manifest.lock */,
				8B539DC01F08EF4F00D3B1A1 /* Sources */,
				8B539DC11F08EF4F00D3B1A1 /* Frameworks */,
				8B539DC21F08EF4F00D3B1A1 /* Resources */,
				136D077B78CD3DA5FB4D147F /* [CP] Embed Pods Frameworks */,
				4FEC19C3697A9CF754CA7363 /* [CP] Copy Pods Resources */,
				8B9CDE4C1F42D97900565812 /* Embed Frameworks */,
			);
			buildRules = (
			);
			dependencies = (
			);
			name = PhotoBrowser;
			productName = PhotoBrowse;
			productReference = 8B539DC41F08EF4F00D3B1A1 /* PhotoBrowser.app */;
			productType = "com.apple.product-type.application";
		};
/* End PBXNativeTarget section */

/* Begin PBXProject section */
		8B539DBC1F08EF4F00D3B1A1 /* Project object */ = {
			isa = PBXProject;
			attributes = {
				LastSwiftUpdateCheck = 0830;
				LastUpgradeCheck = 0900;
				ORGANIZATIONNAME = "大白菜";
				TargetAttributes = {
					8B539DC31F08EF4F00D3B1A1 = {
						CreatedOnToolsVersion = 8.3.2;
						DevelopmentTeam = 7SU956949Y;
						ProvisioningStyle = Automatic;
					};
				};
			};
			buildConfigurationList = 8B539DBF1F08EF4F00D3B1A1 /* Build configuration list for PBXProject "PhotoBrowser" */;
			compatibilityVersion = "Xcode 3.2";
			developmentRegion = English;
			hasScannedForEncodings = 0;
			knownRegions = (
				en,
				Base,
			);
			mainGroup = 8B539DBB1F08EF4F00D3B1A1;
			productRefGroup = 8B539DC51F08EF4F00D3B1A1 /* Products */;
			projectDirPath = "";
			projectRoot = "";
			targets = (
				8B539DC31F08EF4F00D3B1A1 /* PhotoBrowser */,
			);
		};
/* End PBXProject section */

/* Begin PBXResourcesBuildPhase section */
		8B539DC21F08EF4F00D3B1A1 /* Resources */ = {
			isa = PBXResourcesBuildPhase;
			buildActionMask = 2147483647;
			files = (
				8B539DD21F08EF4F00D3B1A1 /* LaunchScreen.storyboard in Resources */,
				8B539DCF1F08EF4F00D3B1A1 /* Assets.xcassets in Resources */,
				8B539DCD1F08EF4F00D3B1A1 /* Main.storyboard in Resources */,
			);
			runOnlyForDeploymentPostprocessing = 0;
		};
/* End PBXResourcesBuildPhase section */

/* Begin PBXShellScriptBuildPhase section */
		136D077B78CD3DA5FB4D147F /* [CP] Embed Pods Frameworks */ = {
			isa = PBXShellScriptBuildPhase;
			buildActionMask = 2147483647;
			files = (
			);
			inputPaths = (
			);
			name = "[CP] Embed Pods Frameworks";
			outputPaths = (
			);
			runOnlyForDeploymentPostprocessing = 0;
			shellPath = /bin/sh;
			shellScript = "\"${SRCROOT}/Pods/Target Support Files/Pods-PhotoBrowser/Pods-PhotoBrowser-frameworks.sh\"\n";
			showEnvVarsInLog = 0;
		};
		4FEC19C3697A9CF754CA7363 /* [CP] Copy Pods Resources */ = {
			isa = PBXShellScriptBuildPhase;
			buildActionMask = 2147483647;
			files = (
			);
			inputPaths = (
			);
			name = "[CP] Copy Pods Resources";
			outputPaths = (
			);
			runOnlyForDeploymentPostprocessing = 0;
			shellPath = /bin/sh;
			shellScript = "\"${SRCROOT}/Pods/Target Support Files/Pods-PhotoBrowser/Pods-PhotoBrowser-resources.sh\"\n";
			showEnvVarsInLog = 0;
		};
		9E50950C082E57D02C4630F0 /* [CP] Check Pods Manifest.lock */ = {
			isa = PBXShellScriptBuildPhase;
			buildActionMask = 2147483647;
			files = (
			);
			inputPaths = (
			);
			name = "[CP] Check Pods Manifest.lock";
			outputPaths = (
			);
			runOnlyForDeploymentPostprocessing = 0;
			shellPath = /bin/sh;
			shellScript = "diff \"${PODS_PODFILE_DIR_PATH}/Podfile.lock\" \"${PODS_ROOT}/Manifest.lock\" > /dev/null\nif [ $? != 0 ] ; then\n    # print error to STDERR\n    echo \"error: The sandbox is not in sync with the Podfile.lock. Run 'pod install' or update your CocoaPods installation.\" >&2\n    exit 1\nfi\n";
			showEnvVarsInLog = 0;
		};
/* End PBXShellScriptBuildPhase section */

/* Begin PBXSourcesBuildPhase section */
		8B539DC01F08EF4F00D3B1A1 /* Sources */ = {
			isa = PBXSourcesBuildPhase;
			buildActionMask = 2147483647;
			files = (
				8BBC86B91F3B2832006E99D9 /* CollectionViewController.swift in Sources */,
				8B539DCA1F08EF4F00D3B1A1 /* ViewController.swift in Sources */,
				8B539DC81F08EF4F00D3B1A1 /* AppDelegate.swift in Sources */,
			);
			runOnlyForDeploymentPostprocessing = 0;
		};
/* End PBXSourcesBuildPhase section */

/* Begin PBXVariantGroup section */
		8B539DCB1F08EF4F00D3B1A1 /* Main.storyboard */ = {
			isa = PBXVariantGroup;
			children = (
				8B539DCC1F08EF4F00D3B1A1 /* Base */,
			);
			name = Main.storyboard;
			sourceTree = "<group>";
		};
		8B539DD01F08EF4F00D3B1A1 /* LaunchScreen.storyboard */ = {
			isa = PBXVariantGroup;
			children = (
				8B539DD11F08EF4F00D3B1A1 /* Base */,
			);
			name = LaunchScreen.storyboard;
			sourceTree = "<group>";
		};
/* End PBXVariantGroup section */

/* Begin XCBuildConfiguration section */
		8B539DD41F08EF4F00D3B1A1 /* Debug */ = {
			isa = XCBuildConfiguration;
			buildSettings = {
				ALWAYS_SEARCH_USER_PATHS = NO;
				CLANG_ANALYZER_NONNULL = YES;
				CLANG_ANALYZER_NUMBER_OBJECT_CONVERSION = YES_AGGRESSIVE;
				CLANG_CXX_LANGUAGE_STANDARD = "gnu++0x";
				CLANG_CXX_LIBRARY = "libc++";
				CLANG_ENABLE_MODULES = YES;
				CLANG_ENABLE_OBJC_ARC = YES;
				CLANG_WARN_BLOCK_CAPTURE_AUTORELEASING = YES;
				CLANG_WARN_BOOL_CONVERSION = YES;
				CLANG_WARN_COMMA = YES;
				CLANG_WARN_CONSTANT_CONVERSION = YES;
				CLANG_WARN_DIRECT_OBJC_ISA_USAGE = YES_ERROR;
				CLANG_WARN_DOCUMENTATION_COMMENTS = YES;
				CLANG_WARN_EMPTY_BODY = YES;
				CLANG_WARN_ENUM_CONVERSION = YES;
				CLANG_WARN_INFINITE_RECURSION = YES;
				CLANG_WARN_INT_CONVERSION = YES;
				CLANG_WARN_NON_LITERAL_NULL_CONVERSION = YES;
				CLANG_WARN_OBJC_LITERAL_CONVERSION = YES;
				CLANG_WARN_OBJC_ROOT_CLASS = YES_ERROR;
				CLANG_WARN_RANGE_LOOP_ANALYSIS = YES;
				CLANG_WARN_STRICT_PROTOTYPES = YES;
				CLANG_WARN_SUSPICIOUS_MOVE = YES;
				CLANG_WARN_UNREACHABLE_CODE = YES;
				CLANG_WARN__DUPLICATE_METHOD_MATCH = YES;
				"CODE_SIGN_IDENTITY[sdk=iphoneos*]" = "iPhone Developer";
				COPY_PHASE_STRIP = NO;
				DEBUG_INFORMATION_FORMAT = dwarf;
				ENABLE_STRICT_OBJC_MSGSEND = YES;
				ENABLE_TESTABILITY = YES;
				GCC_C_LANGUAGE_STANDARD = gnu99;
				GCC_DYNAMIC_NO_PIC = NO;
				GCC_NO_COMMON_BLOCKS = YES;
				GCC_OPTIMIZATION_LEVEL = 0;
				GCC_PREPROCESSOR_DEFINITIONS = (
					"DEBUG=1",
					"$(inherited)",
				);
				GCC_WARN_64_TO_32_BIT_CONVERSION = YES;
				GCC_WARN_ABOUT_RETURN_TYPE = YES_ERROR;
				GCC_WARN_UNDECLARED_SELECTOR = YES;
				GCC_WARN_UNINITIALIZED_AUTOS = YES_AGGRESSIVE;
				GCC_WARN_UNUSED_FUNCTION = YES;
				GCC_WARN_UNUSED_VARIABLE = YES;
				IPHONEOS_DEPLOYMENT_TARGET = 10.3;
				MTL_ENABLE_DEBUG_INFO = YES;
				ONLY_ACTIVE_ARCH = YES;
				SDKROOT = iphoneos;
				SWIFT_ACTIVE_COMPILATION_CONDITIONS = DEBUG;
				SWIFT_OPTIMIZATION_LEVEL = "-Onone";
				SWIFT_VERSION = 3.0;
			};
			name = Debug;
		};
		8B539DD51F08EF4F00D3B1A1 /* Release */ = {
			isa = XCBuildConfiguration;
			buildSettings = {
				ALWAYS_SEARCH_USER_PATHS = NO;
				CLANG_ANALYZER_NONNULL = YES;
				CLANG_ANALYZER_NUMBER_OBJECT_CONVERSION = YES_AGGRESSIVE;
				CLANG_CXX_LANGUAGE_STANDARD = "gnu++0x";
				CLANG_CXX_LIBRARY = "libc++";
				CLANG_ENABLE_MODULES = YES;
				CLANG_ENABLE_OBJC_ARC = YES;
				CLANG_WARN_BLOCK_CAPTURE_AUTORELEASING = YES;
				CLANG_WARN_BOOL_CONVERSION = YES;
				CLANG_WARN_COMMA = YES;
				CLANG_WARN_CONSTANT_CONVERSION = YES;
				CLANG_WARN_DIRECT_OBJC_ISA_USAGE = YES_ERROR;
				CLANG_WARN_DOCUMENTATION_COMMENTS = YES;
				CLANG_WARN_EMPTY_BODY = YES;
				CLANG_WARN_ENUM_CONVERSION = YES;
				CLANG_WARN_INFINITE_RECURSION = YES;
				CLANG_WARN_INT_CONVERSION = YES;
				CLANG_WARN_NON_LITERAL_NULL_CONVERSION = YES;
				CLANG_WARN_OBJC_LITERAL_CONVERSION = YES;
				CLANG_WARN_OBJC_ROOT_CLASS = YES_ERROR;
				CLANG_WARN_RANGE_LOOP_ANALYSIS = YES;
				CLANG_WARN_STRICT_PROTOTYPES = YES;
				CLANG_WARN_SUSPICIOUS_MOVE = YES;
				CLANG_WARN_UNREACHABLE_CODE = YES;
				CLANG_WARN__DUPLICATE_METHOD_MATCH = YES;
				"CODE_SIGN_IDENTITY[sdk=iphoneos*]" = "iPhone Developer";
				COPY_PHASE_STRIP = NO;
				DEBUG_INFORMATION_FORMAT = "dwarf-with-dsym";
				ENABLE_NS_ASSERTIONS = NO;
				ENABLE_STRICT_OBJC_MSGSEND = YES;
				GCC_C_LANGUAGE_STANDARD = gnu99;
				GCC_NO_COMMON_BLOCKS = YES;
				GCC_WARN_64_TO_32_BIT_CONVERSION = YES;
				GCC_WARN_ABOUT_RETURN_TYPE = YES_ERROR;
				GCC_WARN_UNDECLARED_SELECTOR = YES;
				GCC_WARN_UNINITIALIZED_AUTOS = YES_AGGRESSIVE;
				GCC_WARN_UNUSED_FUNCTION = YES;
				GCC_WARN_UNUSED_VARIABLE = YES;
				IPHONEOS_DEPLOYMENT_TARGET = 10.3;
				MTL_ENABLE_DEBUG_INFO = NO;
				SDKROOT = iphoneos;
				SWIFT_OPTIMIZATION_LEVEL = "-Owholemodule";
				SWIFT_VERSION = 3.0;
				VALIDATE_PRODUCT = YES;
			};
			name = Release;
		};
		8B539DD71F08EF4F00D3B1A1 /* Debug */ = {
			isa = XCBuildConfiguration;
			baseConfigurationReference = 18B3F5CF567DEEA3138E652A /* Pods-PhotoBrowser.debug.xcconfig */;
			buildSettings = {
				ASSETCATALOG_COMPILER_APPICON_NAME = AppIcon;
				CODE_SIGN_IDENTITY = "iPhone Developer";
				DEVELOPMENT_TEAM = 7SU956949Y;
				INFOPLIST_FILE = "$(SRCROOT)/PhotoBrowser/Info.plist";
				IPHONEOS_DEPLOYMENT_TARGET = 8.0;
				LD_RUNPATH_SEARCH_PATHS = "$(inherited) @executable_path/Frameworks";
				PRODUCT_BUNDLE_IDENTIFIER = SmallCobblerStudio.PhotoBrowser;
				PRODUCT_NAME = "$(TARGET_NAME)";
				SWIFT_VERSION = 3.0;
			};
			name = Debug;
		};
		8B539DD81F08EF4F00D3B1A1 /* Release */ = {
			isa = XCBuildConfiguration;
			baseConfigurationReference = E888B96B8115FA618CD3457A /* Pods-PhotoBrowser.release.xcconfig */;
			buildSettings = {
				ASSETCATALOG_COMPILER_APPICON_NAME = AppIcon;
				CODE_SIGN_IDENTITY = "iPhone Developer";
				DEVELOPMENT_TEAM = 7SU956949Y;
				INFOPLIST_FILE = "$(SRCROOT)/PhotoBrowser/Info.plist";
				IPHONEOS_DEPLOYMENT_TARGET = 8.0;
				LD_RUNPATH_SEARCH_PATHS = "$(inherited) @executable_path/Frameworks";
				PRODUCT_BUNDLE_IDENTIFIER = SmallCobblerStudio.PhotoBrowser;
				PRODUCT_NAME = "$(TARGET_NAME)";
				SWIFT_VERSION = 3.0;
			};
			name = Release;
		};
/* End XCBuildConfiguration section */

/* Begin XCConfigurationList section */
		8B539DBF1F08EF4F00D3B1A1 /* Build configuration list for PBXProject "PhotoBrowser" */ = {
			isa = XCConfigurationList;
			buildConfigurations = (
				8B539DD41F08EF4F00D3B1A1 /* Debug */,
				8B539DD51F08EF4F00D3B1A1 /* Release */,
			);
			defaultConfigurationIsVisible = 0;
			defaultConfigurationName = Release;
		};
		8B539DD61F08EF4F00D3B1A1 /* Build configuration list for PBXNativeTarget "PhotoBrowser" */ = {
			isa = XCConfigurationList;
			buildConfigurations = (
				8B539DD71F08EF4F00D3B1A1 /* Debug */,
				8B539DD81F08EF4F00D3B1A1 /* Release */,
			);
			defaultConfigurationIsVisible = 0;
			defaultConfigurationName = Release;
		};
/* End XCConfigurationList section */
	};
	rootObject = 8B539DBC1F08EF4F00D3B1A1 /* Project object */;
}
